
Microsoft Visual Studio Solution File, Format Version 12.00
# Visual Studio Version 17
VisualStudioVersion = 17.4.33103.184
MinimumVisualStudioVersion = 10.0.40219.1
Project("{FAE04EC0-301F-11D3-BF4B-00C04F79EFBC}") = "API", "API.csproj", "{B42C73E2-1A75-4EEE-8E7D-605F56FE76D7}"
EndProject
Project("{FAE04EC0-301F-11D3-BF4B-00C04F79EFBC}") = "MAUI", "..\MAUI\MAUI.csproj", "{F110794D-F4EF-4222-AA64-BC3EB5F95B21}"
EndProject
Global
	GlobalSection(SolutionConfigurationPlatforms) = preSolution
		Debug|Any CPU = Debug|Any CPU
		Release|Any CPU = Release|Any CPU
	EndGlobalSection
	GlobalSection(ProjectConfigurationPlatforms) = postSolution
		{B42C73E2-1A75-4EEE-8E7D-605F56FE76D7}.Debug|Any CPU.ActiveCfg = Debug|Any CPU
		{B42C73E2-1A75-4EEE-8E7D-605F56FE76D7}.Debug|Any CPU.Build.0 = Debug|Any CPU
		{B42C73E2-1A75-4EEE-8E7D-605F56FE76D7}.Release|Any CPU.ActiveCfg = Release|Any CPU
		{B42C73E2-1A75-4EEE-8E7D-605F56FE76D7}.Release|Any CPU.Build.0 = Release|Any CPU
		{F110794D-F4EF-4222-AA64-BC3EB5F95B21}.Debug|Any CPU.ActiveCfg = Debug|Any CPU
		{F110794D-F4EF-4222-AA64-BC3EB5F95B21}.Debug|Any CPU.Build.0 = Debug|Any CPU
		{F110794D-F4EF-4222-AA64-BC3EB5F95B21}.Debug|Any CPU.Deploy.0 = Debug|Any CPU
		{F110794D-F4EF-4222-AA64-BC3EB5F95B21}.Release|Any CPU.ActiveCfg = Release|Any CPU
		{F110794D-F4EF-4222-AA64-BC3EB5F95B21}.Release|Any CPU.Build.0 = Release|Any CPU
		{F110794D-F4EF-4222-AA64-BC3EB5F95B21}.Release|Any CPU.Deploy.0 = Release|Any CPU
	EndGlobalSection
	GlobalSection(SolutionProperties) = preSolution
		HideSolutionNode = FALSE
	EndGlobalSection
	GlobalSection(ExtensibilityGlobals) = postSolution
		SolutionGuid = {1BD74F99-2B1D-4A32-AFCE-276CA72851ED}
	EndGlobalSection
EndGlobal
